// !$*UTF8*$!
{
	archiveVersion = 1;
	classes = {
	};
	objectVersion = 55;
	objects = {

/* Begin PBXBuildFile section */
		AC6A13F32808E86C00E4AED5 /* AppDelegate.swift in Sources */ = {isa = PBXBuildFile; fileRef = AC6A13F22808E86C00E4AED5 /* AppDelegate.swift */; };
		AC6A13F52808E86C00E4AED5 /* SceneDelegate.swift in Sources */ = {isa = PBXBuildFile; fileRef = AC6A13F42808E86C00E4AED5 /* SceneDelegate.swift */; };
		AC6A13F72808E86C00E4AED5 /* ViewController.swift in Sources */ = {isa = PBXBuildFile; fileRef = AC6A13F62808E86C00E4AED5 /* ViewController.swift */; };
		AC6A13FA2808E86C00E4AED5 /* Main.storyboard in Resources */ = {isa = PBXBuildFile; fileRef = AC6A13F82808E86C00E4AED5 /* Main.storyboard */; };
		AC6A13FC2808E86E00E4AED5 /* Assets.xcassets in Resources */ = {isa = PBXBuildFile; fileRef = AC6A13FB2808E86E00E4AED5 /* Assets.xcassets */; };
		AC6A13FF2808E86E00E4AED5 /* LaunchScreen.storyboard in Resources */ = {isa = PBXBuildFile; fileRef = AC6A13FD2808E86E00E4AED5 /* LaunchScreen.storyboard */; };
		AC6A140A2808E86E00E4AED5 /* svlTests.swift in Sources */ = {isa = PBXBuildFile; fileRef = AC6A14092808E86E00E4AED5 /* svlTests.swift */; };
		AC6A14142808E86E00E4AED5 /* svlUITests.swift in Sources */ = {isa = PBXBuildFile; fileRef = AC6A14132808E86E00E4AED5 /* svlUITests.swift */; };
		AC6A14162808E86E00E4AED5 /* svlUITestsLaunchTests.swift in Sources */ = {isa = PBXBuildFile; fileRef = AC6A14152808E86E00E4AED5 /* svlUITestsLaunchTests.swift */; };
/* End PBXBuildFile section */

/* Begin PBXContainerItemProxy section */
		AC6A14062808E86E00E4AED5 /* PBXContainerItemProxy */ = {
			isa = PBXContainerItemProxy;
			containerPortal = AC6A13E72808E86C00E4AED5 /* Project object */;
			proxyType = 1;
			remoteGlobalIDString = AC6A13EE2808E86C00E4AED5;
			remoteInfo = svl;
		};
		AC6A14102808E86E00E4AED5 /* PBXContainerItemProxy */ = {
			isa = PBXContainerItemProxy;
			containerPortal = AC6A13E72808E86C00E4AED5 /* Project object */;
			proxyType = 1;
			remoteGlobalIDString = AC6A13EE2808E86C00E4AED5;
			remoteInfo = svl;
		};
/* End PBXContainerItemProxy section */

/* Begin PBXFileReference section */
		AC6A13EF2808E86C00E4AED5 /* svl.app */ = {isa = PBXFileReference; explicitFileType = wrapper.application; includeInIndex = 0; path = svl.app; sourceTree = BUILT_PRODUCTS_DIR; };
		AC6A13F22808E86C00E4AED5 /* AppDelegate.swift */ = {isa = PBXFileReference; lastKnownFileType = sourcecode.swift; path = AppDelegate.swift; sourceTree = "<group>"; };
		AC6A13F42808E86C00E4AED5 /* SceneDelegate.swift */ = {isa = PBXFileReference; lastKnownFileType = sourcecode.swift; path = SceneDelegate.swift; sourceTree = "<group>"; };
		AC6A13F62808E86C00E4AED5 /* ViewController.swift */ = {isa = PBXFileReference; lastKnownFileType = sourcecode.swift; path = ViewController.swift; sourceTree = "<group>"; };
		AC6A13F92808E86C00E4AED5 /* Base */ = {isa = PBXFileReference; lastKnownFileType = file.storyboard; name = Base; path = Base.lproj/Main.storyboard; sourceTree = "<group>"; };
		AC6A13FB2808E86E00E4AED5 /* Assets.xcassets */ = {isa = PBXFileReference; lastKnownFileType = folder.assetcatalog; path = Assets.xcassets; sourceTree = "<group>"; };
		AC6A13FE2808E86E00E4AED5 /* Base */ = {isa = PBXFileReference; lastKnownFileType = file.storyboard; name = Base; path = Base.lproj/LaunchScreen.storyboard; sourceTree = "<group>"; };
		AC6A14002808E86E00E4AED5 /* Info.plist */ = {isa = PBXFileReference; lastKnownFileType = text.plist.xml; path = Info.plist; sourceTree = "<group>"; };
		AC6A14052808E86E00E4AED5 /* svlTests.xctest */ = {isa = PBXFileReference; explicitFileType = wrapper.cfbundle; includeInIndex = 0; path = svlTests.xctest; sourceTree = BUILT_PRODUCTS_DIR; };
		AC6A14092808E86E00E4AED5 /* svlTests.swift */ = {isa = PBXFileReference; lastKnownFileType = sourcecode.swift; path = svlTests.swift; sourceTree = "<group>"; };
		AC6A140F2808E86E00E4AED5 /* svlUITests.xctest */ = {isa = PBXFileReference; explicitFileType = wrapper.cfbundle; includeInIndex = 0; path = svlUITests.xctest; sourceTree = BUILT_PRODUCTS_DIR; };
		AC6A14132808E86E00E4AED5 /* svlUITests.swift */ = {isa = PBXFileReference; lastKnownFileType = sourcecode.swift; path = svlUITests.swift; sourceTree = "<group>"; };
		AC6A14152808E86E00E4AED5 /* svlUITestsLaunchTests.swift */ = {isa = PBXFileReference; lastKnownFileType = sourcecode.swift; path = svlUITestsLaunchTests.swift; sourceTree = "<group>"; };
/* End PBXFileReference section */

/* Begin PBXFrameworksBuildPhase section */
		AC6A13EC2808E86C00E4AED5 /* Frameworks */ = {
			isa = PBXFrameworksBuildPhase;
			buildActionMask = 2147483647;
			files = (
			);
			runOnlyForDeploymentPostprocessing = 0;
		};
		AC6A14022808E86E00E4AED5 /* Frameworks */ = {
			isa = PBXFrameworksBuildPhase;
			buildActionMask = 2147483647;
			files = (
			);
			runOnlyForDeploymentPostprocessing = 0;
		};
		AC6A140C2808E86E00E4AED5 /* Frameworks */ = {
			isa = PBXFrameworksBuildPhase;
			buildActionMask = 2147483647;
			files = (
			);
			runOnlyForDeploymentPostprocessing = 0;
		};
/* End PBXFrameworksBuildPhase section */

/* Begin PBXGroup section */
		AC6A13E62808E86C00E4AED5 = {
			isa = PBXGroup;
			children = (
				AC6A13F12808E86C00E4AED5 /* svl */,
				AC6A14082808E86E00E4AED5 /* svlTests */,
				AC6A14122808E86E00E4AED5 /* svlUITests */,
				AC6A13F02808E86C00E4AED5 /* Products */,
			);
			sourceTree = "<group>";
		};
		AC6A13F02808E86C00E4AED5 /* Products */ = {
			isa = PBXGroup;
			children = (
				AC6A13EF2808E86C00E4AED5 /* svl.app */,
				AC6A14052808E86E00E4AED5 /* svlTests.xctest */,
				AC6A140F2808E86E00E4AED5 /* svlUITests.xctest */,
			);
			name = Products;
			sourceTree = "<group>";
		};
		AC6A13F12808E86C00E4AED5 /* svl */ = {
			isa = PBXGroup;
			children = (
				AC6A13F22808E86C00E4AED5 /* AppDelegate.swift */,
				AC6A13F42808E86C00E4AED5 /* SceneDelegate.swift */,
				AC6A13F62808E86C00E4AED5 /* ViewController.swift */,
				AC6A13F82808E86C00E4AED5 /* Main.storyboard */,
				AC6A13FB2808E86E00E4AED5 /* Assets.xcassets */,
				AC6A13FD2808E86E00E4AED5 /* LaunchScreen.storyboard */,
				AC6A14002808E86E00E4AED5 /* Info.plist */,
			);
			path = svl;
			sourceTree = "<group>";
		};
		AC6A14082808E86E00E4AED5 /* svlTests */ = {
			isa = PBXGroup;
			children = (
				AC6A14092808E86E00E4AED5 /* svlTests.swift */,
			);
			path = svlTests;
			sourceTree = "<group>";
		};
		AC6A14122808E86E00E4AED5 /* svlUITests */ = {
			isa = PBXGroup;
			children = (
				AC6A14132808E86E00E4AED5 /* svlUITests.swift */,
				AC6A14152808E86E00E4AED5 /* svlUITestsLaunchTests.swift */,
			);
			path = svlUITests;
			sourceTree = "<group>";
		};
/* End PBXGroup section */

/* Begin PBXNativeTarget section */
		AC6A13EE2808E86C00E4AED5 /* svl */ = {
			isa = PBXNativeTarget;
			buildConfigurationList = AC6A14192808E86E00E4AED5 /* Build configuration list for PBXNativeTarget "svl" */;
			buildPhases = (
				AC6A13EB2808E86C00E4AED5 /* Sources */,
				AC6A13EC2808E86C00E4AED5 /* Frameworks */,
				AC6A13ED2808E86C00E4AED5 /* Resources */,
			);
			buildRules = (
			);
			dependencies = (
			);
			name = svl;
			productName = svl;
			productReference = AC6A13EF2808E86C00E4AED5 /* svl.app */;
			productType = "com.apple.product-type.application";
		};
		AC6A14042808E86E00E4AED5 /* svlTests */ = {
			isa = PBXNativeTarget;
			buildConfigurationList = AC6A141C2808E86E00E4AED5 /* Build configuration list for PBXNativeTarget "svlTests" */;
			buildPhases = (
				AC6A14012808E86E00E4AED5 /* Sources */,
				AC6A14022808E86E00E4AED5 /* Frameworks */,
				AC6A14032808E86E00E4AED5 /* Resources */,
			);
			buildRules = (
			);
			dependencies = (
				AC6A14072808E86E00E4AED5 /* PBXTargetDependency */,
			);
			name = svlTests;
			productName = svlTests;
			productReference = AC6A14052808E86E00E4AED5 /* svlTests.xctest */;
			productType = "com.apple.product-type.bundle.unit-test";
		};
		AC6A140E2808E86E00E4AED5 /* svlUITests */ = {
			isa = PBXNativeTarget;
			buildConfigurationList = AC6A141F2808E86E00E4AED5 /* Build configuration list for PBXNativeTarget "svlUITests" */;
			buildPhases = (
				AC6A140B2808E86E00E4AED5 /* Sources */,
				AC6A140C2808E86E00E4AED5 /* Frameworks */,
				AC6A140D2808E86E00E4AED5 /* Resources */,
			);
			buildRules = (
			);
			dependencies = (
				AC6A14112808E86E00E4AED5 /* PBXTargetDependency */,
			);
			name = svlUITests;
			productName = svlUITests;
			productReference = AC6A140F2808E86E00E4AED5 /* svlUITests.xctest */;
			productType = "com.apple.product-type.bundle.ui-testing";
		};
/* End PBXNativeTarget section */

/* Begin PBXProject section */
		AC6A13E72808E86C00E4AED5 /* Project object */ = {
			isa = PBXProject;
			attributes = {
				BuildIndependentTargetsInParallel = 1;
				LastSwiftUpdateCheck = 1320;
				LastUpgradeCheck = 1320;
				TargetAttributes = {
					AC6A13EE2808E86C00E4AED5 = {
						CreatedOnToolsVersion = 13.2.1;
					};
					AC6A14042808E86E00E4AED5 = {
						CreatedOnToolsVersion = 13.2.1;
						TestTargetID = AC6A13EE2808E86C00E4AED5;
					};
					AC6A140E2808E86E00E4AED5 = {
						CreatedOnToolsVersion = 13.2.1;
						TestTargetID = AC6A13EE2808E86C00E4AED5;
					};
				};
			};
			buildConfigurationList = AC6A13EA2808E86C00E4AED5 /* Build configuration list for PBXProject "svl" */;
			compatibilityVersion = "Xcode 13.0";
			developmentRegion = en;
			hasScannedForEncodings = 0;
			knownRegions = (
				en,
				Base,
			);
			mainGroup = AC6A13E62808E86C00E4AED5;
			productRefGroup = AC6A13F02808E86C00E4AED5 /* Products */;
			projectDirPath = "";
			projectRoot = "";
			targets = (
				AC6A13EE2808E86C00E4AED5 /* svl */,
				AC6A14042808E86E00E4AED5 /* svlTests */,
				AC6A140E2808E86E00E4AED5 /* svlUITests */,
			);
		};
/* End PBXProject section */

/* Begin PBXResourcesBuildPhase section */
		AC6A13ED2808E86C00E4AED5 /* Resources */ = {
			isa = PBXResourcesBuildPhase;
			buildActionMask = 2147483647;
			files = (
				AC6A13FF2808E86E00E4AED5 /* LaunchScreen.storyboard in Resources */,
				AC6A13FC2808E86E00E4AED5 /* Assets.xcassets in Resources */,
				AC6A13FA2808E86C00E4AED5 /* Main.storyboard in Resources */,
			);
			runOnlyForDeploymentPostprocessing = 0;
		};
		AC6A14032808E86E00E4AED5 /* Resources */ = {
			isa = PBXResourcesBuildPhase;
			buildActionMask = 2147483647;
			files = (
			);
			runOnlyForDeploymentPostprocessing = 0;
		};
		AC6A140D2808E86E00E4AED5 /* Resources */ = {
			isa = PBXResourcesBuildPhase;
			buildActionMask = 2147483647;
			files = (
			);
			runOnlyForDeploymentPostprocessing = 0;
		};
/* End PBXResourcesBuildPhase section */

/* Begin PBXSourcesBuildPhase section */
		AC6A13EB2808E86C00E4AED5 /* Sources */ = {
			isa = PBXSourcesBuildPhase;
			buildActionMask = 2147483647;
			files = (
				AC6A13F72808E86C00E4AED5 /* ViewController.swift in Sources */,
				AC6A13F32808E86C00E4AED5 /* AppDelegate.swift in Sources */,
				AC6A13F52808E86C00E4AED5 /* SceneDelegate.swift in Sources */,
			);
			runOnlyForDeploymentPostprocessing = 0;
		};
		AC6A14012808E86E00E4AED5 /* Sources */ = {
			isa = PBXSourcesBuildPhase;
			buildActionMask = 2147483647;
			files = (
				AC6A140A2808E86E00E4AED5 /* svlTests.swift in Sources */,
			);
			runOnlyForDeploymentPostprocessing = 0;
		};
		AC6A140B2808E86E00E4AED5 /* Sources */ = {
			isa = PBXSourcesBuildPhase;
			buildActionMask = 2147483647;
			files = (
				AC6A14162808E86E00E4AED5 /* svlUITestsLaunchTests.swift in Sources */,
				AC6A14142808E86E00E4AED5 /* svlUITests.swift in Sources */,
			);
			runOnlyForDeploymentPostprocessing = 0;
		};
/* End PBXSourcesBuildPhase section */

/* Begin PBXTargetDependency section */
		AC6A14072808E86E00E4AED5 /* PBXTargetDependency */ = {
			isa = PBXTargetDependency;
			target = AC6A13EE2808E86C00E4AED5 /* svl */;
			targetProxy = AC6A14062808E86E00E4AED5 /* PBXContainerItemProxy */;
		};
		AC6A14112808E86E00E4AED5 /* PBXTargetDependency */ = {
			isa = PBXTargetDependency;
			target = AC6A13EE2808E86C00E4AED5 /* svl */;
			targetProxy = AC6A14102808E86E00E4AED5 /* PBXContainerItemProxy */;
		};
/* End PBXTargetDependency section */

/* Begin PBXVariantGroup section */
		AC6A13F82808E86C00E4AED5 /* Main.storyboard */ = {
			isa = PBXVariantGroup;
			children = (
				AC6A13F92808E86C00E4AED5 /* Base */,
			);
			name = Main.storyboard;
			sourceTree = "<group>";
		};
		AC6A13FD2808E86E00E4AED5 /* LaunchScreen.storyboard */ = {
			isa = PBXVariantGroup;
			children = (
				AC6A13FE2808E86E00E4AED5 /* Base */,
			);
			name = LaunchScreen.storyboard;
			sourceTree = "<group>";
		};
/* End PBXVariantGroup section */

/* Begin XCBuildConfiguration section */
		AC6A14172808E86E00E4AED5 /* Debug */ = {
			isa = XCBuildConfiguration;
			buildSettings = {
				ALWAYS_SEARCH_USER_PATHS = NO;
				CLANG_ANALYZER_NONNULL = YES;
				CLANG_ANALYZER_NUMBER_OBJECT_CONVERSION = YES_AGGRESSIVE;
				CLANG_CXX_LANGUAGE_STANDARD = "gnu++17";
				CLANG_CXX_LIBRARY = "libc++";
				CLANG_ENABLE_MODULES = YES;
				CLANG_ENABLE_OBJC_ARC = YES;
				CLANG_ENABLE_OBJC_WEAK = YES;
				CLANG_WARN_BLOCK_CAPTURE_AUTORELEASING = YES;
				CLANG_WARN_BOOL_CONVERSION = YES;
				CLANG_WARN_COMMA = YES;
				CLANG_WARN_CONSTANT_CONVERSION = YES;
				CLANG_WARN_DEPRECATED_OBJC_IMPLEMENTATIONS = YES;
				CLANG_WARN_DIRECT_OBJC_ISA_USAGE = YES_ERROR;
				CLANG_WARN_DOCUMENTATION_COMMENTS = YES;
				CLANG_WARN_EMPTY_BODY = YES;
				CLANG_WARN_ENUM_CONVERSION = YES;
				CLANG_WARN_INFINITE_RECURSION = YES;
				CLANG_WARN_INT_CONVERSION = YES;
				CLANG_WARN_NON_LITERAL_NULL_CONVERSION = YES;
				CLANG_WARN_OBJC_IMPLICIT_RETAIN_SELF = YES;
				CLANG_WARN_OBJC_LITERAL_CONVERSION = YES;
				CLANG_WARN_OBJC_ROOT_CLASS = YES_ERROR;
				CLANG_WARN_QUOTED_INCLUDE_IN_FRAMEWORK_HEADER = YES;
				CLANG_WARN_RANGE_LOOP_ANALYSIS = YES;
				CLANG_WARN_STRICT_PROTOTYPES = YES;
				CLANG_WARN_SUSPICIOUS_MOVE = YES;
				CLANG_WARN_UNGUARDED_AVAILABILITY = YES_AGGRESSIVE;
				CLANG_WARN_UNREACHABLE_CODE = YES;
				CLANG_WARN__DUPLICATE_METHOD_MATCH = YES;
				COPY_PHASE_STRIP = NO;
				DEBUG_INFORMATION_FORMAT = dwarf;
				ENABLE_STRICT_OBJC_MSGSEND = YES;
				ENABLE_TESTABILITY = YES;
				GCC_C_LANGUAGE_STANDARD = gnu11;
				GCC_DYNAMIC_NO_PIC = NO;
				GCC_NO_COMMON_BLOCKS = YES;
				GCC_OPTIMIZATION_LEVEL = 0;
				GCC_PREPROCESSOR_DEFINITIONS = (
					"DEBUG=1",
					"$(inherited)",
				);
				GCC_WARN_64_TO_32_BIT_CONVERSION = YES;
				GCC_WARN_ABOUT_RETURN_TYPE = YES_ERROR;
				GCC_WARN_UNDECLARED_SELECTOR = YES;
				GCC_WARN_UNINITIALIZED_AUTOS = YES_AGGRESSIVE;
				GCC_WARN_UNUSED_FUNCTION = YES;
				GCC_WARN_UNUSED_VARIABLE = YES;
				IPHONEOS_DEPLOYMENT_TARGET = 15.2;
				MTL_ENABLE_DEBUG_INFO = INCLUDE_SOURCE;
				MTL_FAST_MATH = YES;
				ONLY_ACTIVE_ARCH = YES;
				SDKROOT = iphoneos;
				SWIFT_ACTIVE_COMPILATION_CONDITIONS = DEBUG;
				SWIFT_OPTIMIZATION_LEVEL = "-Onone";
			};
			name = Debug;
		};
		AC6A14182808E86E00E4AED5 /* Release */ = {
			isa = XCBuildConfiguration;
			buildSettings = {
				ALWAYS_SEARCH_USER_PATHS = NO;
				CLANG_ANALYZER_NONNULL = YES;
				CLANG_ANALYZER_NUMBER_OBJECT_CONVERSION = YES_AGGRESSIVE;
				CLANG_CXX_LANGUAGE_STANDARD = "gnu++17";
				CLANG_CXX_LIBRARY = "libc++";
				CLANG_ENABLE_MODULES = YES;
				CLANG_ENABLE_OBJC_ARC = YES;
				CLANG_ENABLE_OBJC_WEAK = YES;
				CLANG_WARN_BLOCK_CAPTURE_AUTORELEASING = YES;
				CLANG_WARN_BOOL_CONVERSION = YES;
				CLANG_WARN_COMMA = YES;
				CLANG_WARN_CONSTANT_CONVERSION = YES;
				CLANG_WARN_DEPRECATED_OBJC_IMPLEMENTATIONS = YES;
				CLANG_WARN_DIRECT_OBJC_ISA_USAGE = YES_ERROR;
				CLANG_WARN_DOCUMENTATION_COMMENTS = YES;
				CLANG_WARN_EMPTY_BODY = YES;
				CLANG_WARN_ENUM_CONVERSION = YES;
				CLANG_WARN_INFINITE_RECURSION = YES;
				CLANG_WARN_INT_CONVERSION = YES;
				CLANG_WARN_NON_LITERAL_NULL_CONVERSION = YES;
				CLANG_WARN_OBJC_IMPLICIT_RETAIN_SELF = YES;
				CLANG_WARN_OBJC_LITERAL_CONVERSION = YES;
				CLANG_WARN_OBJC_ROOT_CLASS = YES_ERROR;
				CLANG_WARN_QUOTED_INCLUDE_IN_FRAMEWORK_HEADER = YES;
				CLANG_WARN_RANGE_LOOP_ANALYSIS = YES;
				CLANG_WARN_STRICT_PROTOTYPES = YES;
				CLANG_WARN_SUSPICIOUS_MOVE = YES;
				CLANG_WARN_UNGUARDED_AVAILABILITY = YES_AGGRESSIVE;
				CLANG_WARN_UNREACHABLE_CODE = YES;
				CLANG_WARN__DUPLICATE_METHOD_MATCH = YES;
				COPY_PHASE_STRIP = NO;
				DEBUG_INFORMATION_FORMAT = "dwarf-with-dsym";
				ENABLE_NS_ASSERTIONS = NO;
				ENABLE_STRICT_OBJC_MSGSEND = YES;
				GCC_C_LANGUAGE_STANDARD = gnu11;
				GCC_NO_COMMON_BLOCKS = YES;
				GCC_WARN_64_TO_32_BIT_CONVERSION = YES;
				GCC_WARN_ABOUT_RETURN_TYPE = YES_ERROR;
				GCC_WARN_UNDECLARED_SELECTOR = YES;
				GCC_WARN_UNINITIALIZED_AUTOS = YES_AGGRESSIVE;
				GCC_WARN_UNUSED_FUNCTION = YES;
				GCC_WARN_UNUSED_VARIABLE = YES;
				IPHONEOS_DEPLOYMENT_TARGET = 15.2;
				MTL_ENABLE_DEBUG_INFO = NO;
				MTL_FAST_MATH = YES;
				SDKROOT = iphoneos;
				SWIFT_COMPILATION_MODE = wholemodule;
				SWIFT_OPTIMIZATION_LEVEL = "-O";
				VALIDATE_PRODUCT = YES;
			};
			name = Release;
		};
		AC6A141A2808E86E00E4AED5 /* Debug */ = {
			isa = XCBuildConfiguration;
			buildSettings = {
				ASSETCATALOG_COMPILER_APPICON_NAME = AppIcon;
				ASSETCATALOG_COMPILER_GLOBAL_ACCENT_COLOR_NAME = AccentColor;
				CODE_SIGN_STYLE = Automatic;
				CURRENT_PROJECT_VERSION = 1;
				GENERATE_INFOPLIST_FILE = YES;
				INFOPLIST_FILE = svl/Info.plist;
				INFOPLIST_KEY_UIApplicationSupportsIndirectInputEvents = YES;
				INFOPLIST_KEY_UILaunchStoryboardName = LaunchScreen;
				INFOPLIST_KEY_UIMainStoryboardFile = Main;
				INFOPLIST_KEY_UISupportedInterfaceOrientations_iPad = "UIInterfaceOrientationPortrait UIInterfaceOrientationPortraitUpsideDown UIInterfaceOrientationLandscapeLeft UIInterfaceOrientationLandscapeRight";
				INFOPLIST_KEY_UISupportedInterfaceOrientations_iPhone = "UIInterfaceOrientationPortrait UIInterfaceOrientationLandscapeLeft UIInterfaceOrientationLandscapeRight";
				LD_RUNPATH_SEARCH_PATHS = (
					"$(inherited)",
					"@executable_path/Frameworks",
				);
				MARKETING_VERSION = 1.0;
				PRODUCT_BUNDLE_IDENTIFIER = yakse.svl;
				PRODUCT_NAME = "$(TARGET_NAME)";
				SWIFT_EMIT_LOC_STRINGS = YES;
				SWIFT_VERSION = 5.0;
				TARGETED_DEVICE_FAMILY = "1,2";
			};
			name = Debug;
		};
		AC6A141B2808E86E00E4AED5 /* Release */ = {
			isa = XCBuildConfiguration;
			buildSettings = {
				ASSETCATALOG_COMPILER_APPICON_NAME = AppIcon;
				ASSETCATALOG_COMPILER_GLOBAL_ACCENT_COLOR_NAME = AccentColor;
				CODE_SIGN_STYLE = Automatic;
				CURRENT_PROJECT_VERSION = 1;
				GENERATE_INFOPLIST_FILE = YES;
				INFOPLIST_FILE = svl/Info.plist;
				INFOPLIST_KEY_UIApplicationSupportsIndirectInputEvents = YES;
				INFOPLIST_KEY_UILaunchStoryboardName = LaunchScreen;
				INFOPLIST_KEY_UIMainStoryboardFile = Main;
				INFOPLIST_KEY_UISupportedInterfaceOrientations_iPad = "UIInterfaceOrientationPortrait UIInterfaceOrientationPortraitUpsideDown UIInterfaceOrientationLandscapeLeft UIInterfaceOrientationLandscapeRight";
				INFOPLIST_KEY_UISupportedInterfaceOrientations_iPhone = "UIInterfaceOrientationPortrait UIInterfaceOrientationLandscapeLeft UIInterfaceOrientationLandscapeRight";
				LD_RUNPATH_SEARCH_PATHS = (
					"$(inherited)",
					"@executable_path/Frameworks",
				);
				MARKETING_VERSION = 1.0;
				PRODUCT_BUNDLE_IDENTIFIER = yakse.svl;
				PRODUCT_NAME = "$(TARGET_NAME)";
				SWIFT_EMIT_LOC_STRINGS = YES;
				SWIFT_VERSION = 5.0;
				TARGETED_DEVICE_FAMILY = "1,2";
			};
			name = Release;
		};
		AC6A141D2808E86E00E4AED5 /* Debug */ = {
			isa = XCBuildConfiguration;
			buildSettings = {
				ALWAYS_EMBED_SWIFT_STANDARD_LIBRARIES = YES;
				BUNDLE_LOADER = "$(TEST_HOST)";
				CODE_SIGN_STYLE = Automatic;
				CURRENT_PROJECT_VERSION = 1;
				GENERATE_INFOPLIST_FILE = YES;
				IPHONEOS_DEPLOYMENT_TARGET = 15.2;
				MARKETING_VERSION = 1.0;
				PRODUCT_BUNDLE_IDENTIFIER = yakse.svlTests;
				PRODUCT_NAME = "$(TARGET_NAME)";
				SWIFT_EMIT_LOC_STRINGS = NO;
				SWIFT_VERSION = 5.0;
				TARGETED_DEVICE_FAMILY = "1,2";
				TEST_HOST = "$(BUILT_PRODUCTS_DIR)/svl.app/svl";
			};
			name = Debug;
		};
		AC6A141E2808E86E00E4AED5 /* Release */ = {
			isa = XCBuildConfiguration;
			buildSettings = {
				ALWAYS_EMBED_SWIFT_STANDARD_LIBRARIES = YES;
				BUNDLE_LOADER = "$(TEST_HOST)";
				CODE_SIGN_STYLE = Automatic;
				CURRENT_PROJECT_VERSION = 1;
				GENERATE_INFOPLIST_FILE = YES;
				IPHONEOS_DEPLOYMENT_TARGET = 15.2;
				MARKETING_VERSION = 1.0;
				PRODUCT_BUNDLE_IDENTIFIER = yakse.svlTests;
				PRODUCT_NAME = "$(TARGET_NAME)";
				SWIFT_EMIT_LOC_STRINGS = NO;
				SWIFT_VERSION = 5.0;
				TARGETED_DEVICE_FAMILY = "1,2";
				TEST_HOST = "$(BUILT_PRODUCTS_DIR)/svl.app/svl";
			};
			name = Release;
		};
		AC6A14202808E86E00E4AED5 /* Debug */ = {
			isa = XCBuildConfiguration;
			buildSettings = {
				ALWAYS_EMBED_SWIFT_STANDARD_LIBRARIES = YES;
				CODE_SIGN_STYLE = Automatic;
				CURRENT_PROJECT_VERSION = 1;
				GENERATE_INFOPLIST_FILE = YES;
				MARKETING_VERSION = 1.0;
				PRODUCT_BUNDLE_IDENTIFIER = yakse.svlUITests;
				PRODUCT_NAME = "$(TARGET_NAME)";
				SWIFT_EMIT_LOC_STRINGS = NO;
				SWIFT_VERSION = 5.0;
				TARGETED_DEVICE_FAMILY = "1,2";
				TEST_TARGET_NAME = svl;
			};
			name = Debug;
		};
		AC6A14212808E86E00E4AED5 /* Release */ = {
			isa = XCBuildConfiguration;
			buildSettings = {
				ALWAYS_EMBED_SWIFT_STANDARD_LIBRARIES = YES;
				CODE_SIGN_STYLE = Automatic;
				CURRENT_PROJECT_VERSION = 1;
				GENERATE_INFOPLIST_FILE = YES;
				MARKETING_VERSION = 1.0;
				PRODUCT_BUNDLE_IDENTIFIER = yakse.svlUITests;
				PRODUCT_NAME = "$(TARGET_NAME)";
				SWIFT_EMIT_LOC_STRINGS = NO;
				SWIFT_VERSION = 5.0;
				TARGETED_DEVICE_FAMILY = "1,2";
				TEST_TARGET_NAME = svl;
			};
			name = Release;
		};
/* End XCBuildConfiguration section */

/* Begin XCConfigurationList section */
		AC6A13EA2808E86C00E4AED5 /* Build configuration list for PBXProject "svl" */ = {
			isa = XCConfigurationList;
			buildConfigurations = (
				AC6A14172808E86E00E4AED5 /* Debug */,
				AC6A14182808E86E00E4AED5 /* Release */,
			);
			defaultConfigurationIsVisible = 0;
			defaultConfigurationName = Release;
		};
		AC6A14192808E86E00E4AED5 /* Build configuration list for PBXNativeTarget "svl" */ = {
			isa = XCConfigurationList;
			buildConfigurations = (
				AC6A141A2808E86E00E4AED5 /* Debug */,
				AC6A141B2808E86E00E4AED5 /* Release */,
			);
			defaultConfigurationIsVisible = 0;
			defaultConfigurationName = Release;
		};
		AC6A141C2808E86E00E4AED5 /* Build configuration list for PBXNativeTarget "svlTests" */ = {
			isa = XCConfigurationList;
			buildConfigurations = (
				AC6A141D2808E86E00E4AED5 /* Debug */,
				AC6A141E2808E86E00E4AED5 /* Release */,
			);
			defaultConfigurationIsVisible = 0;
			defaultConfigurationName = Release;
		};
		AC6A141F2808E86E00E4AED5 /* Build configuration list for PBXNativeTarget "svlUITests" */ = {
			isa = XCConfigurationList;
			buildConfigurations = (
				AC6A14202808E86E00E4AED5 /* Debug */,
				AC6A14212808E86E00E4AED5 /* Release */,
			);
			defaultConfigurationIsVisible = 0;
			defaultConfigurationName = Release;
		};
/* End XCConfigurationList section */
	};
	rootObject = AC6A13E72808E86C00E4AED5 /* Project object */;
}
